
Microsoft Visual Studio Solution File, Format Version 12.00
# Visual Studio Version 17
VisualStudioVersion = 17.2.32616.157
MinimumVisualStudioVersion = 10.0.40219.1
Project("{FAE04EC0-301F-11D3-BF4B-00C04F79EFBC}") = "TaskApplication", "TaskApplication\TaskApplication.csproj", "{9482C18F-CA66-4B19-946F-1917D7E23765}"
EndProject
Project("{FAE04EC0-301F-11D3-BF4B-00C04F79EFBC}") = "Database", "Database\Database.csproj", "{10AB87C1-1F85-4A77-B346-89E9C848E20E}"
EndProject
Project("{FAE04EC0-301F-11D3-BF4B-00C04F79EFBC}") = "Domain", "Domain\Domain.csproj", "{C4B7D772-5772-4745-B85B-F5A8732163D2}"
EndProject
Project("{FAE04EC0-301F-11D3-BF4B-00C04F79EFBC}") = "Service", "Services\Service.csproj", "{EF76221D-FC23-4F31-84BA-B9F076B59A8F}"
EndProject
Project("{FAE04EC0-301F-11D3-BF4B-00C04F79EFBC}") = "Repository", "Repository\Repository.csproj", "{D8E8431F-EB68-4468-8F44-63BC2C2BB666}"
EndProject
Global
	GlobalSection(SolutionConfigurationPlatforms) = preSolution
		Debug|Any CPU = Debug|Any CPU
		Release|Any CPU = Release|Any CPU
	EndGlobalSection
	GlobalSection(ProjectConfigurationPlatforms) = postSolution
		{9482C18F-CA66-4B19-946F-1917D7E23765}.Debug|Any CPU.ActiveCfg = Debug|Any CPU
		{9482C18F-CA66-4B19-946F-1917D7E23765}.Debug|Any CPU.Build.0 = Debug|Any CPU
		{9482C18F-CA66-4B19-946F-1917D7E23765}.Release|Any CPU.ActiveCfg = Release|Any CPU
		{9482C18F-CA66-4B19-946F-1917D7E23765}.Release|Any CPU.Build.0 = Release|Any CPU
		{10AB87C1-1F85-4A77-B346-89E9C848E20E}.Debug|Any CPU.ActiveCfg = Debug|Any CPU
		{10AB87C1-1F85-4A77-B346-89E9C848E20E}.Debug|Any CPU.Build.0 = Debug|Any CPU
		{10AB87C1-1F85-4A77-B346-89E9C848E20E}.Release|Any CPU.ActiveCfg = Release|Any CPU
		{10AB87C1-1F85-4A77-B346-89E9C848E20E}.Release|Any CPU.Build.0 = Release|Any CPU
		{C4B7D772-5772-4745-B85B-F5A8732163D2}.Debug|Any CPU.ActiveCfg = Debug|Any CPU
		{C4B7D772-5772-4745-B85B-F5A8732163D2}.Debug|Any CPU.Build.0 = Debug|Any CPU
		{C4B7D772-5772-4745-B85B-F5A8732163D2}.Release|Any CPU.ActiveCfg = Release|Any CPU
		{C4B7D772-5772-4745-B85B-F5A8732163D2}.Release|Any CPU.Build.0 = Release|Any CPU
		{EF76221D-FC23-4F31-84BA-B9F076B59A8F}.Debug|Any CPU.ActiveCfg = Debug|Any CPU
		{EF76221D-FC23-4F31-84BA-B9F076B59A8F}.Debug|Any CPU.Build.0 = Debug|Any CPU
		{EF76221D-FC23-4F31-84BA-B9F076B59A8F}.Release|Any CPU.ActiveCfg = Release|Any CPU
		{EF76221D-FC23-4F31-84BA-B9F076B59A8F}.Release|Any CPU.Build.0 = Release|Any CPU
		{D8E8431F-EB68-4468-8F44-63BC2C2BB666}.Debug|Any CPU.ActiveCfg = Debug|Any CPU
		{D8E8431F-EB68-4468-8F44-63BC2C2BB666}.Debug|Any CPU.Build.0 = Debug|Any CPU
		{D8E8431F-EB68-4468-8F44-63BC2C2BB666}.Release|Any CPU.ActiveCfg = Release|Any CPU
		{D8E8431F-EB68-4468-8F44-63BC2C2BB666}.Release|Any CPU.Build.0 = Release|Any CPU
	EndGlobalSection
	GlobalSection(SolutionProperties) = preSolution
		HideSolutionNode = FALSE
	EndGlobalSection
	GlobalSection(ExtensibilityGlobals) = postSolution
		SolutionGuid = {7187D574-6A41-46DC-AF43-13DF48B14690}
	EndGlobalSection
EndGlobal
